
Microsoft Visual Studio Solution File, Format Version 12.00
# Visual Studio Version 17
VisualStudioVersion = 17.8.34330.188
MinimumVisualStudioVersion = 10.0.40219.1
Project("{2150E333-8FDC-42A3-9474-1A3956D46DE8}") = "samples", "samples", "{02EA681E-C7D8-13C7-8484-4AC65E1B71E8}"
EndProject
Project("{FAE04EC0-301F-11D3-BF4B-00C04F79EFBC}") = "BlazeGate.BlazorWasmApp.Sample", "samples\BlazeGate.BlazorWasmApp.Sample\BlazeGate.BlazorWasmApp.Sample.csproj", "{20F44A95-02C0-4AB2-85FB-DBED0DDF685B}"
EndProject
Project("{FAE04EC0-301F-11D3-BF4B-00C04F79EFBC}") = "BlazeGate.WebApi.Sample", "samples\BlazeGate.WebApi.Sample\BlazeGate.WebApi.Sample.csproj", "{194873F9-4DFA-41BD-BB37-1C311F0D40AA}"
EndProject
Project("{2150E333-8FDC-42A3-9474-1A3956D46DE8}") = "src", "src", "{08C5F85D-CDE3-48D1-AE9D-F93553CDBA87}"
EndProject
Project("{FAE04EC0-301F-11D3-BF4B-00C04F79EFBC}") = "BlazeGate", "src\BlazeGate\BlazeGate.csproj", "{49226E61-6D7E-8E48-96C7-ACF456187CB3}"
EndProject
Project("{FAE04EC0-301F-11D3-BF4B-00C04F79EFBC}") = "BlazeGate.AspNetCore", "src\BlazeGate.AspNetCore\BlazeGate.AspNetCore.csproj", "{F64A5B14-87EC-E134-5FD3-2166AAA08B5F}"
EndProject
Project("{FAE04EC0-301F-11D3-BF4B-00C04F79EFBC}") = "BlazeGate.Cluster", "src\BlazeGate.Cluster\BlazeGate.Cluster.csproj", "{586EC048-B3A1-6C6A-A712-9D4A985D68A1}"
EndProject
Project("{FAE04EC0-301F-11D3-BF4B-00C04F79EFBC}") = "BlazeGate.Common", "src\BlazeGate.Common\BlazeGate.Common.csproj", "{92BF9345-D492-DBE7-4F0C-804B5FCA12B3}"
EndProject
Project("{FAE04EC0-301F-11D3-BF4B-00C04F79EFBC}") = "BlazeGate.Dashboard", "src\BlazeGate.Dashboard\BlazeGate.Dashboard.csproj", "{7DD9B5B0-7AE3-8A8B-0B92-BB7F6A2C99B8}"
EndProject
Project("{FAE04EC0-301F-11D3-BF4B-00C04F79EFBC}") = "BlazeGate.JwtBearer", "src\BlazeGate.JwtBearer\BlazeGate.JwtBearer.csproj", "{01B26D13-079B-2DD4-F5A1-2208429B57A7}"
EndProject
Project("{FAE04EC0-301F-11D3-BF4B-00C04F79EFBC}") = "BlazeGate.Model", "src\BlazeGate.Model\BlazeGate.Model.csproj", "{D591AA71-9CE8-74C8-EFD2-64D41DF77C5B}"
EndProject
Project("{FAE04EC0-301F-11D3-BF4B-00C04F79EFBC}") = "BlazeGate.RBAC.Components", "src\BlazeGate.RBAC.Components\BlazeGate.RBAC.Components.csproj", "{CD4E8B7F-A1AF-17ED-D2FE-863D337BD39C}"
EndProject
Project("{FAE04EC0-301F-11D3-BF4B-00C04F79EFBC}") = "BlazeGate.Services.Implement", "src\BlazeGate.Services.Implement\BlazeGate.Services.Implement.csproj", "{877AEE47-3000-1DB7-E985-ED602B5BBE96}"
EndProject
Project("{FAE04EC0-301F-11D3-BF4B-00C04F79EFBC}") = "BlazeGate.Services.Implement.Remote", "src\BlazeGate.Services.Implement.Remote\BlazeGate.Services.Implement.Remote.csproj", "{C6311ECB-4818-DFE1-6255-252CA8E87FB6}"
EndProject
Project("{FAE04EC0-301F-11D3-BF4B-00C04F79EFBC}") = "BlazeGate.Services.Interface", "src\BlazeGate.Services.Interface\BlazeGate.Services.Interface.csproj", "{639AE98E-18F7-8300-EF20-3C5CE3E9CB46}"
EndProject
Project("{FAE04EC0-301F-11D3-BF4B-00C04F79EFBC}") = "BlazeGate.Model.Sample", "samples\BlazeGate.Model.Sample\BlazeGate.Model.Sample.csproj", "{75F3EC8D-43E9-E6FC-46A3-BFCC163522B1}"
EndProject
Project("{FAE04EC0-301F-11D3-BF4B-00C04F79EFBC}") = "BlazeGate.BlazorWebApp.Sample", "samples\BlazeGate.BlazorWebApp.Sample\BlazeGate.BlazorWebApp.Sample.csproj", "{77D7CAED-FA6C-6CFB-79EF-86AEFA2B24DE}"
EndProject
Project("{FAE04EC0-301F-11D3-BF4B-00C04F79EFBC}") = "BlazeGate.BlazorWebApp.Client.Sample", "samples\BlazeGate.BlazorWebApp.Client.Sample\BlazeGate.BlazorWebApp.Client.Sample.csproj", "{B3FD66CC-0FD3-2B82-D8B6-D7AEFDBE959C}"
EndProject
Project("{FAE04EC0-301F-11D3-BF4B-00C04F79EFBC}") = "BlazeGate.Components.Sample", "samples\BlazeGate.Components.Sample\BlazeGate.Components.Sample.csproj", "{44AA5E96-D052-4D7E-96F3-3E2F2BFE4372}"
EndProject
Global
	GlobalSection(SolutionConfigurationPlatforms) = preSolution
		Debug|Any CPU = Debug|Any CPU
		Release|Any CPU = Release|Any CPU
	EndGlobalSection
	GlobalSection(ProjectConfigurationPlatforms) = postSolution
		{20F44A95-02C0-4AB2-85FB-DBED0DDF685B}.Debug|Any CPU.ActiveCfg = Debug|Any CPU
		{20F44A95-02C0-4AB2-85FB-DBED0DDF685B}.Debug|Any CPU.Build.0 = Debug|Any CPU
		{20F44A95-02C0-4AB2-85FB-DBED0DDF685B}.Release|Any CPU.ActiveCfg = Release|Any CPU
		{20F44A95-02C0-4AB2-85FB-DBED0DDF685B}.Release|Any CPU.Build.0 = Release|Any CPU
		{194873F9-4DFA-41BD-BB37-1C311F0D40AA}.Debug|Any CPU.ActiveCfg = Debug|Any CPU
		{194873F9-4DFA-41BD-BB37-1C311F0D40AA}.Debug|Any CPU.Build.0 = Debug|Any CPU
		{194873F9-4DFA-41BD-BB37-1C311F0D40AA}.Release|Any CPU.ActiveCfg = Release|Any CPU
		{194873F9-4DFA-41BD-BB37-1C311F0D40AA}.Release|Any CPU.Build.0 = Release|Any CPU
		{49226E61-6D7E-8E48-96C7-ACF456187CB3}.Debug|Any CPU.ActiveCfg = Debug|Any CPU
		{49226E61-6D7E-8E48-96C7-ACF456187CB3}.Debug|Any CPU.Build.0 = Debug|Any CPU
		{49226E61-6D7E-8E48-96C7-ACF456187CB3}.Release|Any CPU.ActiveCfg = Release|Any CPU
		{49226E61-6D7E-8E48-96C7-ACF456187CB3}.Release|Any CPU.Build.0 = Release|Any CPU
		{F64A5B14-87EC-E134-5FD3-2166AAA08B5F}.Debug|Any CPU.ActiveCfg = Debug|Any CPU
		{F64A5B14-87EC-E134-5FD3-2166AAA08B5F}.Debug|Any CPU.Build.0 = Debug|Any CPU
		{F64A5B14-87EC-E134-5FD3-2166AAA08B5F}.Release|Any CPU.ActiveCfg = Release|Any CPU
		{F64A5B14-87EC-E134-5FD3-2166AAA08B5F}.Release|Any CPU.Build.0 = Release|Any CPU
		{586EC048-B3A1-6C6A-A712-9D4A985D68A1}.Debug|Any CPU.ActiveCfg = Debug|Any CPU
		{586EC048-B3A1-6C6A-A712-9D4A985D68A1}.Debug|Any CPU.Build.0 = Debug|Any CPU
		{586EC048-B3A1-6C6A-A712-9D4A985D68A1}.Release|Any CPU.ActiveCfg = Release|Any CPU
		{586EC048-B3A1-6C6A-A712-9D4A985D68A1}.Release|Any CPU.Build.0 = Release|Any CPU
		{92BF9345-D492-DBE7-4F0C-804B5FCA12B3}.Debug|Any CPU.ActiveCfg = Debug|Any CPU
		{92BF9345-D492-DBE7-4F0C-804B5FCA12B3}.Debug|Any CPU.Build.0 = Debug|Any CPU
		{92BF9345-D492-DBE7-4F0C-804B5FCA12B3}.Release|Any CPU.ActiveCfg = Release|Any CPU
		{92BF9345-D492-DBE7-4F0C-804B5FCA12B3}.Release|Any CPU.Build.0 = Release|Any CPU
		{7DD9B5B0-7AE3-8A8B-0B92-BB7F6A2C99B8}.Debug|Any CPU.ActiveCfg = Debug|Any CPU
		{7DD9B5B0-7AE3-8A8B-0B92-BB7F6A2C99B8}.Debug|Any CPU.Build.0 = Debug|Any CPU
		{7DD9B5B0-7AE3-8A8B-0B92-BB7F6A2C99B8}.Release|Any CPU.ActiveCfg = Release|Any CPU
		{7DD9B5B0-7AE3-8A8B-0B92-BB7F6A2C99B8}.Release|Any CPU.Build.0 = Release|Any CPU
		{01B26D13-079B-2DD4-F5A1-2208429B57A7}.Debug|Any CPU.ActiveCfg = Debug|Any CPU
		{01B26D13-079B-2DD4-F5A1-2208429B57A7}.Debug|Any CPU.Build.0 = Debug|Any CPU
		{01B26D13-079B-2DD4-F5A1-2208429B57A7}.Release|Any CPU.ActiveCfg = Release|Any CPU
		{01B26D13-079B-2DD4-F5A1-2208429B57A7}.Release|Any CPU.Build.0 = Release|Any CPU
		{D591AA71-9CE8-74C8-EFD2-64D41DF77C5B}.Debug|Any CPU.ActiveCfg = Debug|Any CPU
		{D591AA71-9CE8-74C8-EFD2-64D41DF77C5B}.Debug|Any CPU.Build.0 = Debug|Any CPU
		{D591AA71-9CE8-74C8-EFD2-64D41DF77C5B}.Release|Any CPU.ActiveCfg = Release|Any CPU
		{D591AA71-9CE8-74C8-EFD2-64D41DF77C5B}.Release|Any CPU.Build.0 = Release|Any CPU
		{CD4E8B7F-A1AF-17ED-D2FE-863D337BD39C}.Debug|Any CPU.ActiveCfg = Debug|Any CPU
		{CD4E8B7F-A1AF-17ED-D2FE-863D337BD39C}.Debug|Any CPU.Build.0 = Debug|Any CPU
		{CD4E8B7F-A1AF-17ED-D2FE-863D337BD39C}.Release|Any CPU.ActiveCfg = Release|Any CPU
		{CD4E8B7F-A1AF-17ED-D2FE-863D337BD39C}.Release|Any CPU.Build.0 = Release|Any CPU
		{877AEE47-3000-1DB7-E985-ED602B5BBE96}.Debug|Any CPU.ActiveCfg = Debug|Any CPU
		{877AEE47-3000-1DB7-E985-ED602B5BBE96}.Debug|Any CPU.Build.0 = Debug|Any CPU
		{877AEE47-3000-1DB7-E985-ED602B5BBE96}.Release|Any CPU.ActiveCfg = Release|Any CPU
		{877AEE47-3000-1DB7-E985-ED602B5BBE96}.Release|Any CPU.Build.0 = Release|Any CPU
		{C6311ECB-4818-DFE1-6255-252CA8E87FB6}.Debug|Any CPU.ActiveCfg = Debug|Any CPU
		{C6311ECB-4818-DFE1-6255-252CA8E87FB6}.Debug|Any CPU.Build.0 = Debug|Any CPU
		{C6311ECB-4818-DFE1-6255-252CA8E87FB6}.Release|Any CPU.ActiveCfg = Release|Any CPU
		{C6311ECB-4818-DFE1-6255-252CA8E87FB6}.Release|Any CPU.Build.0 = Release|Any CPU
		{639AE98E-18F7-8300-EF20-3C5CE3E9CB46}.Debug|Any CPU.ActiveCfg = Debug|Any CPU
		{639AE98E-18F7-8300-EF20-3C5CE3E9CB46}.Debug|Any CPU.Build.0 = Debug|Any CPU
		{639AE98E-18F7-8300-EF20-3C5CE3E9CB46}.Release|Any CPU.ActiveCfg = Release|Any CPU
		{639AE98E-18F7-8300-EF20-3C5CE3E9CB46}.Release|Any CPU.Build.0 = Release|Any CPU
		{75F3EC8D-43E9-E6FC-46A3-BFCC163522B1}.Debug|Any CPU.ActiveCfg = Debug|Any CPU
		{75F3EC8D-43E9-E6FC-46A3-BFCC163522B1}.Debug|Any CPU.Build.0 = Debug|Any CPU
		{75F3EC8D-43E9-E6FC-46A3-BFCC163522B1}.Release|Any CPU.ActiveCfg = Release|Any CPU
		{75F3EC8D-43E9-E6FC-46A3-BFCC163522B1}.Release|Any CPU.Build.0 = Release|Any CPU
		{77D7CAED-FA6C-6CFB-79EF-86AEFA2B24DE}.Debug|Any CPU.ActiveCfg = Debug|Any CPU
		{77D7CAED-FA6C-6CFB-79EF-86AEFA2B24DE}.Debug|Any CPU.Build.0 = Debug|Any CPU
		{77D7CAED-FA6C-6CFB-79EF-86AEFA2B24DE}.Release|Any CPU.ActiveCfg = Release|Any CPU
		{77D7CAED-FA6C-6CFB-79EF-86AEFA2B24DE}.Release|Any CPU.Build.0 = Release|Any CPU
		{B3FD66CC-0FD3-2B82-D8B6-D7AEFDBE959C}.Debug|Any CPU.ActiveCfg = Debug|Any CPU
		{B3FD66CC-0FD3-2B82-D8B6-D7AEFDBE959C}.Debug|Any CPU.Build.0 = Debug|Any CPU
		{B3FD66CC-0FD3-2B82-D8B6-D7AEFDBE959C}.Release|Any CPU.ActiveCfg = Release|Any CPU
		{B3FD66CC-0FD3-2B82-D8B6-D7AEFDBE959C}.Release|Any CPU.Build.0 = Release|Any CPU
		{44AA5E96-D052-4D7E-96F3-3E2F2BFE4372}.Debug|Any CPU.ActiveCfg = Debug|Any CPU
		{44AA5E96-D052-4D7E-96F3-3E2F2BFE4372}.Debug|Any CPU.Build.0 = Debug|Any CPU
		{44AA5E96-D052-4D7E-96F3-3E2F2BFE4372}.Release|Any CPU.ActiveCfg = Release|Any CPU
		{44AA5E96-D052-4D7E-96F3-3E2F2BFE4372}.Release|Any CPU.Build.0 = Release|Any CPU
	EndGlobalSection
	GlobalSection(SolutionProperties) = preSolution
		HideSolutionNode = FALSE
	EndGlobalSection
	GlobalSection(NestedProjects) = preSolution
		{20F44A95-02C0-4AB2-85FB-DBED0DDF685B} = {02EA681E-C7D8-13C7-8484-4AC65E1B71E8}
		{194873F9-4DFA-41BD-BB37-1C311F0D40AA} = {02EA681E-C7D8-13C7-8484-4AC65E1B71E8}
		{49226E61-6D7E-8E48-96C7-ACF456187CB3} = {08C5F85D-CDE3-48D1-AE9D-F93553CDBA87}
		{F64A5B14-87EC-E134-5FD3-2166AAA08B5F} = {08C5F85D-CDE3-48D1-AE9D-F93553CDBA87}
		{586EC048-B3A1-6C6A-A712-9D4A985D68A1} = {08C5F85D-CDE3-48D1-AE9D-F93553CDBA87}
		{92BF9345-D492-DBE7-4F0C-804B5FCA12B3} = {08C5F85D-CDE3-48D1-AE9D-F93553CDBA87}
		{7DD9B5B0-7AE3-8A8B-0B92-BB7F6A2C99B8} = {08C5F85D-CDE3-48D1-AE9D-F93553CDBA87}
		{01B26D13-079B-2DD4-F5A1-2208429B57A7} = {08C5F85D-CDE3-48D1-AE9D-F93553CDBA87}
		{D591AA71-9CE8-74C8-EFD2-64D41DF77C5B} = {08C5F85D-CDE3-48D1-AE9D-F93553CDBA87}
		{CD4E8B7F-A1AF-17ED-D2FE-863D337BD39C} = {08C5F85D-CDE3-48D1-AE9D-F93553CDBA87}
		{877AEE47-3000-1DB7-E985-ED602B5BBE96} = {08C5F85D-CDE3-48D1-AE9D-F93553CDBA87}
		{C6311ECB-4818-DFE1-6255-252CA8E87FB6} = {08C5F85D-CDE3-48D1-AE9D-F93553CDBA87}
		{639AE98E-18F7-8300-EF20-3C5CE3E9CB46} = {08C5F85D-CDE3-48D1-AE9D-F93553CDBA87}
		{75F3EC8D-43E9-E6FC-46A3-BFCC163522B1} = {02EA681E-C7D8-13C7-8484-4AC65E1B71E8}
		{77D7CAED-FA6C-6CFB-79EF-86AEFA2B24DE} = {02EA681E-C7D8-13C7-8484-4AC65E1B71E8}
		{B3FD66CC-0FD3-2B82-D8B6-D7AEFDBE959C} = {02EA681E-C7D8-13C7-8484-4AC65E1B71E8}
		{44AA5E96-D052-4D7E-96F3-3E2F2BFE4372} = {02EA681E-C7D8-13C7-8484-4AC65E1B71E8}
	EndGlobalSection
	GlobalSection(ExtensibilityGlobals) = postSolution
		SolutionGuid = {52883362-3754-487E-828F-CD3C51A46AB1}
	EndGlobalSection
EndGlobal
